<?xml version="1.0" encoding="utf-8"?>
<Project ToolsVersion="4.0" xmlns="http://schemas.microsoft.com/developer/msbuild/2003">
  <ItemGroup>
    <Filter Include="Source Files">
      <UniqueIdentifier>{4FC737F1-C7A5-4376-A066-2A32D752A2FF}</UniqueIdentifier>
      <Extensions>cpp;c;cc;cxx;def;odl;idl;hpj;bat;asm;asmx</Extensions>
    </Filter>
    <Filter Include="Header Files">
      <UniqueIdentifier>{93995380-89BD-4b04-88EB-625FBE52EBFB}</UniqueIdentifier>
      <Extensions>h;hh;hpp;hxx;hm;inl;inc;xsd</Extensions>
    </Filter>
    <Filter Include="Resource Files">
      <UniqueIdentifier>{67DA6AB6-F800-4c08-8B7A-83BB121AAD01}</UniqueIdentifier>
      <Extensions>rc;ico;cur;bmp;dlg;rc2;rct;bin;rgs;gif;jpg;jpeg;jpe;resx;tiff;tif;png;wav;mfcribbon-ms</Extensions>
    </Filter>
    <Filter Include="Public Headers">
      <UniqueIdentifier>{945e70de-d4a7-43f3-9966-b166da5cf4c5}</UniqueIdentifier>
    </Filter>
  </ItemGroup>
  <ItemGroup>
    <ClInclude Include="cpp\Public\GluonNative.h">
      <Filter>Public Headers</Filter>
    </ClInclude>
    <ClInclude Include="cpp\Generator.h">
      <Filter>Header Files</Filter>
    </ClInclude>
    <ClInclude Include="cpp\ITestClass.h">
      <Filter>Header Files</Filter>
    </ClInclude>
    <ClInclude Include="cpp\NoiseEngine.h">
      <Filter>Header Files</Filter>
    </ClInclude>
    <ClInclude Include="cpp\PCH.h">
      <Filter>Header Files</Filter>
    </ClInclude>
    <ClInclude Include="cpp\SawtoothLeftWaveform.h">
      <Filter>Header Files</Filter>
    </ClInclude>
    <ClInclude Include="cpp\SawtoothRightWaveform.h">
      <Filter>Header Files</Filter>
    </ClInclude>
    <ClInclude Include="cpp\SinusoidalWaveform.h">
      <Filter>Header Files</Filter>
    </ClInclude>
    <ClInclude Include="cpp\SquareWaveform.h">
      <Filter>Header Files</Filter>
    </ClInclude>
    <ClInclude Include="cpp\TriangleWaveform.h">
      <Filter>Header Files</Filter>
    </ClInclude>
    <ClInclude Include="cpp\Waveform.h">
      <Filter>Header Files</Filter>
    </ClInclude>
    <ClInclude Include="cpp\SignalBuffer.h">
      <Filter>Header Files</Filter>
    </ClInclude>
    <ClInclude Include="cpp\ConversionUnitTest.h">
      <Filter>Header Files</Filter>
    </ClInclude>
    <ClInclude Include="cpp\GluonTest.Common.h">
      <Filter>Header Files</Filter>
    </ClInclude>
    <ClInclude Include="cpp\GWhiteNoise.h">
      <Filter>Header Files</Filter>
    </ClInclude>
    <ClInclude Include="cpp\DummyClass.h">
      <Filter>Header Files</Filter>
    </ClInclude>
    <ClInclude Include="cpp\GTone.h">
      <Filter>Header Files</Filter>
    </ClInclude>
    <ClInclude Include="cpp\Public\GluonTest.h">
      <Filter>Public Headers</Filter>
    </ClInclude>
    <ClInclude Include="cpp\Public\GluonTest.public.abi.h">
      <Filter>Header Files</Filter>
    </ClInclude>
  </ItemGroup>
  <ItemGroup>
    <ClCompile Include="cpp\GWhiteNoise.cpp">
      <Filter>Source Files</Filter>
    </ClCompile>
    <ClCompile Include="cpp\ITestClass.cpp">
      <Filter>Source Files</Filter>
    </ClCompile>
    <ClCompile Include="cpp\NoiseEngine.cpp">
      <Filter>Source Files</Filter>
    </ClCompile>
    <ClCompile Include="cpp\PCH.cpp">
      <Filter>Source Files</Filter>
    </ClCompile>
    <ClCompile Include="cpp\SawtoothLeftWaveform.cpp">
      <Filter>Source Files</Filter>
    </ClCompile>
    <ClCompile Include="cpp\SawtoothRightWaveform.cpp">
      <Filter>Source Files</Filter>
    </ClCompile>
    <ClCompile Include="cpp\SignalBuffer.cpp">
      <Filter>Source Files</Filter>
    </ClCompile>
    <ClCompile Include="cpp\SinusoidalWaveform.cpp">
      <Filter>Source Files</Filter>
    </ClCompile>
    <ClCompile Include="cpp\SquareWaveform.cpp">
      <Filter>Source Files</Filter>
    </ClCompile>
    <ClCompile Include="cpp\Waveform.cpp">
      <Filter>Source Files</Filter>
    </ClCompile>
    <ClCompile Include="cpp\Generator.cpp">
      <Filter>Source Files</Filter>
    </ClCompile>
    <ClCompile Include="cpp\DummyClass.cpp">
      <Filter>Source Files</Filter>
    </ClCompile>
    <ClCompile Include="cpp\ConversionUnitTest.cpp">
      <Filter>Source Files</Filter>
    </ClCompile>
    <ClCompile Include="cpp\GTone.cpp">
      <Filter>Source Files</Filter>
    </ClCompile>
    <ClCompile Include="cpp\TriangleWaveform.cpp">
      <Filter>Source Files</Filter>
    </ClCompile>
    <ClCompile Include="cpp\GluonTest.abi.cpp">
      <Filter>Source Files</Filter>
    </ClCompile>
  </ItemGroup>
</Project>