
Microsoft Visual Studio Solution File, Format Version 12.00
# Visual Studio Version 16
VisualStudioVersion = 16.0.30225.117
MinimumVisualStudioVersion = 10.0.40219.1
Project("{FAE04EC0-301F-11D3-BF4B-00C04F79EFBC}") = "Gluon", "Gluon\Gluon.csproj", "{731BEED0-DEB2-43A3-B69A-9A7C22B34FD5}"
	ProjectSection(ProjectDependencies) = postProject
		{346F714E-EA17-40B2-882C-5FA626239A89} = {346F714E-EA17-40B2-882C-5FA626239A89}
	EndProjectSection
EndProject
Project("{FAE04EC0-301F-11D3-BF4B-00C04F79EFBC}") = "GluonRuntime", "GluonAttributes\GluonRuntime.csproj", "{7C50D6B3-26BA-4692-994D-CA0419027C8B}"
EndProject
Project("{FAE04EC0-301F-11D3-BF4B-00C04F79EFBC}") = "GluonTest", "GluonTest\GluonTest.csproj", "{46DD3842-F1E2-4804-A5F4-2C1AD8740F0E}"
	ProjectSection(ProjectDependencies) = postProject
		{731BEED0-DEB2-43A3-B69A-9A7C22B34FD5} = {731BEED0-DEB2-43A3-B69A-9A7C22B34FD5}
	EndProjectSection
EndProject
Project("{8BC9CEB8-8B4A-11D0-8D11-00A0C91BC942}") = "GluonNative", "GluonNative\GluonNative.vcxproj", "{346F714E-EA17-40B2-882C-5FA626239A89}"
EndProject
Project("{8BC9CEB8-8B4A-11D0-8D11-00A0C91BC942}") = "GluonTestResultsCpp", "GluonTestResults\GluonTestResults.vcxproj", "{A8629709-211A-4FDA-B817-C19DF23D4735}"
	ProjectSection(ProjectDependencies) = postProject
		{46DD3842-F1E2-4804-A5F4-2C1AD8740F0E} = {46DD3842-F1E2-4804-A5F4-2C1AD8740F0E}
	EndProjectSection
EndProject
Project("{FAE04EC0-301F-11D3-BF4B-00C04F79EFBC}") = "GluonTestResultsCs", "GluonTestResultsCs\GluonTestResultsCs.csproj", "{776651CF-C381-415B-8AD0-6300D1275E1C}"
	ProjectSection(ProjectDependencies) = postProject
		{46DD3842-F1E2-4804-A5F4-2C1AD8740F0E} = {46DD3842-F1E2-4804-A5F4-2C1AD8740F0E}
	EndProjectSection
EndProject
Project("{FAE04EC0-301F-11D3-BF4B-00C04F79EFBC}") = "GluonTestRunner", "GluonTestRunner\GluonTestRunner.csproj", "{2A48DD3C-0590-45E4-9328-EF4912E3B8CD}"
	ProjectSection(ProjectDependencies) = postProject
		{A8629709-211A-4FDA-B817-C19DF23D4735} = {A8629709-211A-4FDA-B817-C19DF23D4735}
	EndProjectSection
EndProject
Project("{FAE04EC0-301F-11D3-BF4B-00C04F79EFBC}") = "GluonRuntime.UWP", "GluonRuntime.UWP\GluonRuntime.UWP.csproj", "{F8B181E3-3582-40F7-B7BC-37B18234C21C}"
EndProject
Project("{FAE04EC0-301F-11D3-BF4B-00C04F79EFBC}") = "GluonTestResultsConsolidatedCs", "GluonTestResultsConsolidatedCs\GluonTestResultsConsolidatedCs.csproj", "{8B6A7FDE-28F6-4F8B-B74C-1B58252445CB}"
EndProject
Project("{2150E333-8FDC-42A3-9474-1A3956D46DE8}") = "Tests", "Tests", "{87BB9451-494B-4DB8-9853-9E4552D8D69E}"
EndProject
Project("{2150E333-8FDC-42A3-9474-1A3956D46DE8}") = "ImageFilter", "ImageFilter", "{C9CD2011-37D7-4F52-96A8-016DA74AADEB}"
EndProject
Project("{2150E333-8FDC-42A3-9474-1A3956D46DE8}") = "Samples", "Samples", "{1D6655E0-130C-478B-93D4-ADF96261DC86}"
EndProject
Project("{9A19103F-16F7-4668-BE54-9A1E7A4F7556}") = "SampleImageFilterApi", "Samples\ImageFilter\SampleImageFilterApi\SampleImageFilterApi.csproj", "{1FDB9CB6-D58A-4777-BF54-F5B5488BBCC4}"
	ProjectSection(ProjectDependencies) = postProject
		{731BEED0-DEB2-43A3-B69A-9A7C22B34FD5} = {731BEED0-DEB2-43A3-B69A-9A7C22B34FD5}
	EndProjectSection
EndProject
Project("{8BC9CEB8-8B4A-11D0-8D11-00A0C91BC942}") = "SampleImageFilterCpp", "Samples\ImageFilter\SampleImageFilterCpp\SampleImageFilterCpp.vcxproj", "{623C0DA5-55EA-4F5E-8A4F-B93E626D9F10}"
EndProject
Project("{9A19103F-16F7-4668-BE54-9A1E7A4F7556}") = "SampleImageFilterCs", "Samples\ImageFilter\SampleImageFilterCs\SampleImageFilterCs.csproj", "{799433B4-CDAF-467F-8BA0-D0E09460CF17}"
EndProject
Project("{8BC9CEB8-8B4A-11D0-8D11-00A0C91BC942}") = "GluonTestRunnerCpp", "GluonTestRunnerCpp\GluonTestRunnerCpp.vcxproj", "{2364A723-BA0D-454E-9395-BBE76510D967}"
EndProject
Global
	GlobalSection(SolutionConfigurationPlatforms) = preSolution
		Debug_Results|Any CPU = Debug_Results|Any CPU
		Debug_Results|x64 = Debug_Results|x64
		Debug_Results|x86 = Debug_Results|x86
		Debug|Any CPU = Debug|Any CPU
		Debug|x64 = Debug|x64
		Debug|x86 = Debug|x86
		Release|Any CPU = Release|Any CPU
		Release|x64 = Release|x64
		Release|x86 = Release|x86
	EndGlobalSection
	GlobalSection(ProjectConfigurationPlatforms) = postSolution
		{731BEED0-DEB2-43A3-B69A-9A7C22B34FD5}.Debug_Results|Any CPU.ActiveCfg = Debug|Any CPU
		{731BEED0-DEB2-43A3-B69A-9A7C22B34FD5}.Debug_Results|Any CPU.Build.0 = Debug|Any CPU
		{731BEED0-DEB2-43A3-B69A-9A7C22B34FD5}.Debug_Results|x64.ActiveCfg = Debug|Any CPU
		{731BEED0-DEB2-43A3-B69A-9A7C22B34FD5}.Debug_Results|x64.Build.0 = Debug|Any CPU
		{731BEED0-DEB2-43A3-B69A-9A7C22B34FD5}.Debug_Results|x86.ActiveCfg = Debug|Any CPU
		{731BEED0-DEB2-43A3-B69A-9A7C22B34FD5}.Debug_Results|x86.Build.0 = Debug|Any CPU
		{731BEED0-DEB2-43A3-B69A-9A7C22B34FD5}.Debug|Any CPU.ActiveCfg = Debug|Any CPU
		{731BEED0-DEB2-43A3-B69A-9A7C22B34FD5}.Debug|Any CPU.Build.0 = Debug|Any CPU
		{731BEED0-DEB2-43A3-B69A-9A7C22B34FD5}.Debug|x64.ActiveCfg = Debug|Any CPU
		{731BEED0-DEB2-43A3-B69A-9A7C22B34FD5}.Debug|x64.Build.0 = Debug|Any CPU
		{731BEED0-DEB2-43A3-B69A-9A7C22B34FD5}.Debug|x86.ActiveCfg = Debug|Any CPU
		{731BEED0-DEB2-43A3-B69A-9A7C22B34FD5}.Debug|x86.Build.0 = Debug|Any CPU
		{731BEED0-DEB2-43A3-B69A-9A7C22B34FD5}.Release|Any CPU.ActiveCfg = Release|Any CPU
		{731BEED0-DEB2-43A3-B69A-9A7C22B34FD5}.Release|Any CPU.Build.0 = Release|Any CPU
		{731BEED0-DEB2-43A3-B69A-9A7C22B34FD5}.Release|x64.ActiveCfg = Release|Any CPU
		{731BEED0-DEB2-43A3-B69A-9A7C22B34FD5}.Release|x64.Build.0 = Release|Any CPU
		{731BEED0-DEB2-43A3-B69A-9A7C22B34FD5}.Release|x86.ActiveCfg = Release|Any CPU
		{731BEED0-DEB2-43A3-B69A-9A7C22B34FD5}.Release|x86.Build.0 = Release|Any CPU
		{7C50D6B3-26BA-4692-994D-CA0419027C8B}.Debug_Results|Any CPU.ActiveCfg = Debug|Any CPU
		{7C50D6B3-26BA-4692-994D-CA0419027C8B}.Debug_Results|Any CPU.Build.0 = Debug|Any CPU
		{7C50D6B3-26BA-4692-994D-CA0419027C8B}.Debug_Results|x64.ActiveCfg = Debug|Any CPU
		{7C50D6B3-26BA-4692-994D-CA0419027C8B}.Debug_Results|x64.Build.0 = Debug|Any CPU
		{7C50D6B3-26BA-4692-994D-CA0419027C8B}.Debug_Results|x86.ActiveCfg = Debug|Any CPU
		{7C50D6B3-26BA-4692-994D-CA0419027C8B}.Debug_Results|x86.Build.0 = Debug|Any CPU
		{7C50D6B3-26BA-4692-994D-CA0419027C8B}.Debug|Any CPU.ActiveCfg = Debug|Any CPU
		{7C50D6B3-26BA-4692-994D-CA0419027C8B}.Debug|Any CPU.Build.0 = Debug|Any CPU
		{7C50D6B3-26BA-4692-994D-CA0419027C8B}.Debug|x64.ActiveCfg = Debug|Any CPU
		{7C50D6B3-26BA-4692-994D-CA0419027C8B}.Debug|x64.Build.0 = Debug|Any CPU
		{7C50D6B3-26BA-4692-994D-CA0419027C8B}.Debug|x86.ActiveCfg = Debug|Any CPU
		{7C50D6B3-26BA-4692-994D-CA0419027C8B}.Debug|x86.Build.0 = Debug|Any CPU
		{7C50D6B3-26BA-4692-994D-CA0419027C8B}.Release|Any CPU.ActiveCfg = Release|Any CPU
		{7C50D6B3-26BA-4692-994D-CA0419027C8B}.Release|Any CPU.Build.0 = Release|Any CPU
		{7C50D6B3-26BA-4692-994D-CA0419027C8B}.Release|x64.ActiveCfg = Release|Any CPU
		{7C50D6B3-26BA-4692-994D-CA0419027C8B}.Release|x64.Build.0 = Release|Any CPU
		{7C50D6B3-26BA-4692-994D-CA0419027C8B}.Release|x86.ActiveCfg = Release|Any CPU
		{7C50D6B3-26BA-4692-994D-CA0419027C8B}.Release|x86.Build.0 = Release|Any CPU
		{46DD3842-F1E2-4804-A5F4-2C1AD8740F0E}.Debug_Results|Any CPU.ActiveCfg = Debug|Any CPU
		{46DD3842-F1E2-4804-A5F4-2C1AD8740F0E}.Debug_Results|Any CPU.Build.0 = Debug|Any CPU
		{46DD3842-F1E2-4804-A5F4-2C1AD8740F0E}.Debug_Results|x64.ActiveCfg = Debug|Any CPU
		{46DD3842-F1E2-4804-A5F4-2C1AD8740F0E}.Debug_Results|x64.Build.0 = Debug|Any CPU
		{46DD3842-F1E2-4804-A5F4-2C1AD8740F0E}.Debug_Results|x86.ActiveCfg = Debug|Any CPU
		{46DD3842-F1E2-4804-A5F4-2C1AD8740F0E}.Debug_Results|x86.Build.0 = Debug|Any CPU
		{46DD3842-F1E2-4804-A5F4-2C1AD8740F0E}.Debug|Any CPU.ActiveCfg = Debug|Any CPU
		{46DD3842-F1E2-4804-A5F4-2C1AD8740F0E}.Debug|Any CPU.Build.0 = Debug|Any CPU
		{46DD3842-F1E2-4804-A5F4-2C1AD8740F0E}.Debug|x64.ActiveCfg = Debug|Any CPU
		{46DD3842-F1E2-4804-A5F4-2C1AD8740F0E}.Debug|x64.Build.0 = Debug|Any CPU
		{46DD3842-F1E2-4804-A5F4-2C1AD8740F0E}.Debug|x86.ActiveCfg = Debug|Any CPU
		{46DD3842-F1E2-4804-A5F4-2C1AD8740F0E}.Debug|x86.Build.0 = Debug|Any CPU
		{46DD3842-F1E2-4804-A5F4-2C1AD8740F0E}.Release|Any CPU.ActiveCfg = Release|Any CPU
		{46DD3842-F1E2-4804-A5F4-2C1AD8740F0E}.Release|Any CPU.Build.0 = Release|Any CPU
		{46DD3842-F1E2-4804-A5F4-2C1AD8740F0E}.Release|x64.ActiveCfg = Release|Any CPU
		{46DD3842-F1E2-4804-A5F4-2C1AD8740F0E}.Release|x64.Build.0 = Release|Any CPU
		{46DD3842-F1E2-4804-A5F4-2C1AD8740F0E}.Release|x86.ActiveCfg = Release|Any CPU
		{46DD3842-F1E2-4804-A5F4-2C1AD8740F0E}.Release|x86.Build.0 = Release|Any CPU
		{346F714E-EA17-40B2-882C-5FA626239A89}.Debug_Results|Any CPU.ActiveCfg = Release|ARM64
		{346F714E-EA17-40B2-882C-5FA626239A89}.Debug_Results|Any CPU.Build.0 = Release|ARM64
		{346F714E-EA17-40B2-882C-5FA626239A89}.Debug_Results|x64.ActiveCfg = Debug|x64
		{346F714E-EA17-40B2-882C-5FA626239A89}.Debug_Results|x64.Build.0 = Debug|x64
		{346F714E-EA17-40B2-882C-5FA626239A89}.Debug_Results|x86.ActiveCfg = Debug|Win32
		{346F714E-EA17-40B2-882C-5FA626239A89}.Debug_Results|x86.Build.0 = Debug|Win32
		{346F714E-EA17-40B2-882C-5FA626239A89}.Debug|Any CPU.ActiveCfg = Debug|Win32
		{346F714E-EA17-40B2-882C-5FA626239A89}.Debug|x64.ActiveCfg = Debug|x64
		{346F714E-EA17-40B2-882C-5FA626239A89}.Debug|x64.Build.0 = Debug|x64
		{346F714E-EA17-40B2-882C-5FA626239A89}.Debug|x86.ActiveCfg = Debug|Win32
		{346F714E-EA17-40B2-882C-5FA626239A89}.Debug|x86.Build.0 = Debug|Win32
		{346F714E-EA17-40B2-882C-5FA626239A89}.Release|Any CPU.ActiveCfg = Release|Win32
		{346F714E-EA17-40B2-882C-5FA626239A89}.Release|x64.ActiveCfg = Release|x64
		{346F714E-EA17-40B2-882C-5FA626239A89}.Release|x64.Build.0 = Release|x64
		{346F714E-EA17-40B2-882C-5FA626239A89}.Release|x86.ActiveCfg = Release|Win32
		{346F714E-EA17-40B2-882C-5FA626239A89}.Release|x86.Build.0 = Release|Win32
		{A8629709-211A-4FDA-B817-C19DF23D4735}.Debug_Results|Any CPU.ActiveCfg = Release|Win32
		{A8629709-211A-4FDA-B817-C19DF23D4735}.Debug_Results|Any CPU.Build.0 = Release|Win32
		{A8629709-211A-4FDA-B817-C19DF23D4735}.Debug_Results|x64.ActiveCfg = Debug|x64
		{A8629709-211A-4FDA-B817-C19DF23D4735}.Debug_Results|x64.Build.0 = Debug|x64
		{A8629709-211A-4FDA-B817-C19DF23D4735}.Debug_Results|x86.ActiveCfg = Debug|Win32
		{A8629709-211A-4FDA-B817-C19DF23D4735}.Debug_Results|x86.Build.0 = Debug|Win32
		{A8629709-211A-4FDA-B817-C19DF23D4735}.Debug|Any CPU.ActiveCfg = Debug|Win32
		{A8629709-211A-4FDA-B817-C19DF23D4735}.Debug|x64.ActiveCfg = Debug|x64
		{A8629709-211A-4FDA-B817-C19DF23D4735}.Debug|x86.ActiveCfg = Debug|Win32
		{A8629709-211A-4FDA-B817-C19DF23D4735}.Release|Any CPU.ActiveCfg = Release|Win32
		{A8629709-211A-4FDA-B817-C19DF23D4735}.Release|x64.ActiveCfg = Release|x64
		{A8629709-211A-4FDA-B817-C19DF23D4735}.Release|x86.ActiveCfg = Release|Win32
		{776651CF-C381-415B-8AD0-6300D1275E1C}.Debug_Results|Any CPU.ActiveCfg = Debug|Any CPU
		{776651CF-C381-415B-8AD0-6300D1275E1C}.Debug_Results|Any CPU.Build.0 = Debug|Any CPU
		{776651CF-C381-415B-8AD0-6300D1275E1C}.Debug_Results|x64.ActiveCfg = Debug|Any CPU
		{776651CF-C381-415B-8AD0-6300D1275E1C}.Debug_Results|x64.Build.0 = Debug|Any CPU
		{776651CF-C381-415B-8AD0-6300D1275E1C}.Debug_Results|x86.ActiveCfg = Debug|Any CPU
		{776651CF-C381-415B-8AD0-6300D1275E1C}.Debug_Results|x86.Build.0 = Debug|Any CPU
		{776651CF-C381-415B-8AD0-6300D1275E1C}.Debug|Any CPU.ActiveCfg = Debug|Any CPU
		{776651CF-C381-415B-8AD0-6300D1275E1C}.Debug|Any CPU.Build.0 = Debug|Any CPU
		{776651CF-C381-415B-8AD0-6300D1275E1C}.Debug|x64.ActiveCfg = Debug|Any CPU
		{776651CF-C381-415B-8AD0-6300D1275E1C}.Debug|x86.ActiveCfg = Debug|Any CPU
		{776651CF-C381-415B-8AD0-6300D1275E1C}.Release|Any CPU.ActiveCfg = Release|Any CPU
		{776651CF-C381-415B-8AD0-6300D1275E1C}.Release|Any CPU.Build.0 = Release|Any CPU
		{776651CF-C381-415B-8AD0-6300D1275E1C}.Release|x64.ActiveCfg = Release|Any CPU
		{776651CF-C381-415B-8AD0-6300D1275E1C}.Release|x86.ActiveCfg = Release|Any CPU
		{2A48DD3C-0590-45E4-9328-EF4912E3B8CD}.Debug_Results|Any CPU.ActiveCfg = Debug|Any CPU
		{2A48DD3C-0590-45E4-9328-EF4912E3B8CD}.Debug_Results|Any CPU.Build.0 = Debug|Any CPU
		{2A48DD3C-0590-45E4-9328-EF4912E3B8CD}.Debug_Results|x64.ActiveCfg = Debug|Any CPU
		{2A48DD3C-0590-45E4-9328-EF4912E3B8CD}.Debug_Results|x64.Build.0 = Debug|Any CPU
		{2A48DD3C-0590-45E4-9328-EF4912E3B8CD}.Debug_Results|x86.ActiveCfg = Debug|Any CPU
		{2A48DD3C-0590-45E4-9328-EF4912E3B8CD}.Debug_Results|x86.Build.0 = Debug|Any CPU
		{2A48DD3C-0590-45E4-9328-EF4912E3B8CD}.Debug|Any CPU.ActiveCfg = Debug|Any CPU
		{2A48DD3C-0590-45E4-9328-EF4912E3B8CD}.Debug|Any CPU.Build.0 = Debug|Any CPU
		{2A48DD3C-0590-45E4-9328-EF4912E3B8CD}.Debug|x64.ActiveCfg = Debug|Any CPU
		{2A48DD3C-0590-45E4-9328-EF4912E3B8CD}.Debug|x86.ActiveCfg = Debug|Any CPU
		{2A48DD3C-0590-45E4-9328-EF4912E3B8CD}.Release|Any CPU.ActiveCfg = Release|Any CPU
		{2A48DD3C-0590-45E4-9328-EF4912E3B8CD}.Release|Any CPU.Build.0 = Release|Any CPU
		{2A48DD3C-0590-45E4-9328-EF4912E3B8CD}.Release|x64.ActiveCfg = Release|Any CPU
		{2A48DD3C-0590-45E4-9328-EF4912E3B8CD}.Release|x86.ActiveCfg = Release|Any CPU
		{F8B181E3-3582-40F7-B7BC-37B18234C21C}.Debug_Results|Any CPU.ActiveCfg = Debug|Any CPU
		{F8B181E3-3582-40F7-B7BC-37B18234C21C}.Debug_Results|Any CPU.Build.0 = Debug|Any CPU
		{F8B181E3-3582-40F7-B7BC-37B18234C21C}.Debug_Results|x64.ActiveCfg = Debug|x64
		{F8B181E3-3582-40F7-B7BC-37B18234C21C}.Debug_Results|x64.Build.0 = Debug|x64
		{F8B181E3-3582-40F7-B7BC-37B18234C21C}.Debug_Results|x86.ActiveCfg = Debug|x86
		{F8B181E3-3582-40F7-B7BC-37B18234C21C}.Debug_Results|x86.Build.0 = Debug|x86
		{F8B181E3-3582-40F7-B7BC-37B18234C21C}.Debug|Any CPU.ActiveCfg = Debug|Any CPU
		{F8B181E3-3582-40F7-B7BC-37B18234C21C}.Debug|Any CPU.Build.0 = Debug|Any CPU
		{F8B181E3-3582-40F7-B7BC-37B18234C21C}.Debug|x64.ActiveCfg = Debug|x64
		{F8B181E3-3582-40F7-B7BC-37B18234C21C}.Debug|x64.Build.0 = Debug|x64
		{F8B181E3-3582-40F7-B7BC-37B18234C21C}.Debug|x86.ActiveCfg = Debug|x86
		{F8B181E3-3582-40F7-B7BC-37B18234C21C}.Debug|x86.Build.0 = Debug|x86
		{F8B181E3-3582-40F7-B7BC-37B18234C21C}.Release|Any CPU.ActiveCfg = Release|Any CPU
		{F8B181E3-3582-40F7-B7BC-37B18234C21C}.Release|Any CPU.Build.0 = Release|Any CPU
		{F8B181E3-3582-40F7-B7BC-37B18234C21C}.Release|x64.ActiveCfg = Release|x64
		{F8B181E3-3582-40F7-B7BC-37B18234C21C}.Release|x64.Build.0 = Release|x64
		{F8B181E3-3582-40F7-B7BC-37B18234C21C}.Release|x86.ActiveCfg = Release|x86
		{F8B181E3-3582-40F7-B7BC-37B18234C21C}.Release|x86.Build.0 = Release|x86
		{8B6A7FDE-28F6-4F8B-B74C-1B58252445CB}.Debug_Results|Any CPU.ActiveCfg = Debug|Any CPU
		{8B6A7FDE-28F6-4F8B-B74C-1B58252445CB}.Debug_Results|Any CPU.Build.0 = Debug|Any CPU
		{8B6A7FDE-28F6-4F8B-B74C-1B58252445CB}.Debug_Results|x64.ActiveCfg = Debug|Any CPU
		{8B6A7FDE-28F6-4F8B-B74C-1B58252445CB}.Debug_Results|x64.Build.0 = Debug|Any CPU
		{8B6A7FDE-28F6-4F8B-B74C-1B58252445CB}.Debug_Results|x86.ActiveCfg = Debug|Any CPU
		{8B6A7FDE-28F6-4F8B-B74C-1B58252445CB}.Debug_Results|x86.Build.0 = Debug|Any CPU
		{8B6A7FDE-28F6-4F8B-B74C-1B58252445CB}.Debug|Any CPU.ActiveCfg = Debug|Any CPU
		{8B6A7FDE-28F6-4F8B-B74C-1B58252445CB}.Debug|Any CPU.Build.0 = Debug|Any CPU
		{8B6A7FDE-28F6-4F8B-B74C-1B58252445CB}.Debug|x64.ActiveCfg = Debug|Any CPU
		{8B6A7FDE-28F6-4F8B-B74C-1B58252445CB}.Debug|x86.ActiveCfg = Debug|Any CPU
		{8B6A7FDE-28F6-4F8B-B74C-1B58252445CB}.Release|Any CPU.ActiveCfg = Release|Any CPU
		{8B6A7FDE-28F6-4F8B-B74C-1B58252445CB}.Release|Any CPU.Build.0 = Release|Any CPU
		{8B6A7FDE-28F6-4F8B-B74C-1B58252445CB}.Release|x64.ActiveCfg = Release|Any CPU
		{8B6A7FDE-28F6-4F8B-B74C-1B58252445CB}.Release|x86.ActiveCfg = Release|Any CPU
		{1FDB9CB6-D58A-4777-BF54-F5B5488BBCC4}.Debug_Results|Any CPU.ActiveCfg = Debug|Any CPU
		{1FDB9CB6-D58A-4777-BF54-F5B5488BBCC4}.Debug_Results|Any CPU.Build.0 = Debug|Any CPU
		{1FDB9CB6-D58A-4777-BF54-F5B5488BBCC4}.Debug_Results|x64.ActiveCfg = Debug|Any CPU
		{1FDB9CB6-D58A-4777-BF54-F5B5488BBCC4}.Debug_Results|x64.Build.0 = Debug|Any CPU
		{1FDB9CB6-D58A-4777-BF54-F5B5488BBCC4}.Debug_Results|x86.ActiveCfg = Debug|Any CPU
		{1FDB9CB6-D58A-4777-BF54-F5B5488BBCC4}.Debug_Results|x86.Build.0 = Debug|Any CPU
		{1FDB9CB6-D58A-4777-BF54-F5B5488BBCC4}.Debug|Any CPU.ActiveCfg = Debug|Any CPU
		{1FDB9CB6-D58A-4777-BF54-F5B5488BBCC4}.Debug|Any CPU.Build.0 = Debug|Any CPU
		{1FDB9CB6-D58A-4777-BF54-F5B5488BBCC4}.Debug|x64.ActiveCfg = Debug|Any CPU
		{1FDB9CB6-D58A-4777-BF54-F5B5488BBCC4}.Debug|x64.Build.0 = Debug|Any CPU
		{1FDB9CB6-D58A-4777-BF54-F5B5488BBCC4}.Debug|x86.ActiveCfg = Debug|Any CPU
		{1FDB9CB6-D58A-4777-BF54-F5B5488BBCC4}.Debug|x86.Build.0 = Debug|Any CPU
		{1FDB9CB6-D58A-4777-BF54-F5B5488BBCC4}.Release|Any CPU.ActiveCfg = Release|Any CPU
		{1FDB9CB6-D58A-4777-BF54-F5B5488BBCC4}.Release|Any CPU.Build.0 = Release|Any CPU
		{1FDB9CB6-D58A-4777-BF54-F5B5488BBCC4}.Release|x64.ActiveCfg = Release|Any CPU
		{1FDB9CB6-D58A-4777-BF54-F5B5488BBCC4}.Release|x64.Build.0 = Release|Any CPU
		{1FDB9CB6-D58A-4777-BF54-F5B5488BBCC4}.Release|x86.ActiveCfg = Release|Any CPU
		{1FDB9CB6-D58A-4777-BF54-F5B5488BBCC4}.Release|x86.Build.0 = Release|Any CPU
		{623C0DA5-55EA-4F5E-8A4F-B93E626D9F10}.Debug_Results|Any CPU.ActiveCfg = Release|x64
		{623C0DA5-55EA-4F5E-8A4F-B93E626D9F10}.Debug_Results|Any CPU.Build.0 = Release|x64
		{623C0DA5-55EA-4F5E-8A4F-B93E626D9F10}.Debug_Results|x64.ActiveCfg = Debug|x64
		{623C0DA5-55EA-4F5E-8A4F-B93E626D9F10}.Debug_Results|x64.Build.0 = Debug|x64
		{623C0DA5-55EA-4F5E-8A4F-B93E626D9F10}.Debug_Results|x86.ActiveCfg = Debug|Win32
		{623C0DA5-55EA-4F5E-8A4F-B93E626D9F10}.Debug_Results|x86.Build.0 = Debug|Win32
		{623C0DA5-55EA-4F5E-8A4F-B93E626D9F10}.Debug|Any CPU.ActiveCfg = Debug|Win32
		{623C0DA5-55EA-4F5E-8A4F-B93E626D9F10}.Debug|x64.ActiveCfg = Debug|x64
		{623C0DA5-55EA-4F5E-8A4F-B93E626D9F10}.Debug|x64.Build.0 = Debug|x64
		{623C0DA5-55EA-4F5E-8A4F-B93E626D9F10}.Debug|x86.ActiveCfg = Debug|Win32
		{623C0DA5-55EA-4F5E-8A4F-B93E626D9F10}.Debug|x86.Build.0 = Debug|Win32
		{623C0DA5-55EA-4F5E-8A4F-B93E626D9F10}.Release|Any CPU.ActiveCfg = Release|Win32
		{623C0DA5-55EA-4F5E-8A4F-B93E626D9F10}.Release|x64.ActiveCfg = Release|x64
		{623C0DA5-55EA-4F5E-8A4F-B93E626D9F10}.Release|x64.Build.0 = Release|x64
		{623C0DA5-55EA-4F5E-8A4F-B93E626D9F10}.Release|x86.ActiveCfg = Release|Win32
		{623C0DA5-55EA-4F5E-8A4F-B93E626D9F10}.Release|x86.Build.0 = Release|Win32
		{799433B4-CDAF-467F-8BA0-D0E09460CF17}.Debug_Results|Any CPU.ActiveCfg = Debug|Any CPU
		{799433B4-CDAF-467F-8BA0-D0E09460CF17}.Debug_Results|Any CPU.Build.0 = Debug|Any CPU
		{799433B4-CDAF-467F-8BA0-D0E09460CF17}.Debug_Results|x64.ActiveCfg = Debug|Any CPU
		{799433B4-CDAF-467F-8BA0-D0E09460CF17}.Debug_Results|x64.Build.0 = Debug|Any CPU
		{799433B4-CDAF-467F-8BA0-D0E09460CF17}.Debug_Results|x86.ActiveCfg = Debug|Any CPU
		{799433B4-CDAF-467F-8BA0-D0E09460CF17}.Debug_Results|x86.Build.0 = Debug|Any CPU
		{799433B4-CDAF-467F-8BA0-D0E09460CF17}.Debug|Any CPU.ActiveCfg = Debug|Any CPU
		{799433B4-CDAF-467F-8BA0-D0E09460CF17}.Debug|Any CPU.Build.0 = Debug|Any CPU
		{799433B4-CDAF-467F-8BA0-D0E09460CF17}.Debug|x64.ActiveCfg = Debug|Any CPU
		{799433B4-CDAF-467F-8BA0-D0E09460CF17}.Debug|x64.Build.0 = Debug|Any CPU
		{799433B4-CDAF-467F-8BA0-D0E09460CF17}.Debug|x86.ActiveCfg = Debug|Any CPU
		{799433B4-CDAF-467F-8BA0-D0E09460CF17}.Debug|x86.Build.0 = Debug|Any CPU
		{799433B4-CDAF-467F-8BA0-D0E09460CF17}.Release|Any CPU.ActiveCfg = Release|Any CPU
		{799433B4-CDAF-467F-8BA0-D0E09460CF17}.Release|Any CPU.Build.0 = Release|Any CPU
		{799433B4-CDAF-467F-8BA0-D0E09460CF17}.Release|x64.ActiveCfg = Release|Any CPU
		{799433B4-CDAF-467F-8BA0-D0E09460CF17}.Release|x64.Build.0 = Release|Any CPU
		{799433B4-CDAF-467F-8BA0-D0E09460CF17}.Release|x86.ActiveCfg = Release|Any CPU
		{799433B4-CDAF-467F-8BA0-D0E09460CF17}.Release|x86.Build.0 = Release|Any CPU
		{2364A723-BA0D-454E-9395-BBE76510D967}.Debug_Results|Any CPU.ActiveCfg = Release|x64
		{2364A723-BA0D-454E-9395-BBE76510D967}.Debug_Results|Any CPU.Build.0 = Release|x64
		{2364A723-BA0D-454E-9395-BBE76510D967}.Debug_Results|x64.ActiveCfg = Debug|x64
		{2364A723-BA0D-454E-9395-BBE76510D967}.Debug_Results|x64.Build.0 = Debug|x64
		{2364A723-BA0D-454E-9395-BBE76510D967}.Debug_Results|x86.ActiveCfg = Debug|Win32
		{2364A723-BA0D-454E-9395-BBE76510D967}.Debug_Results|x86.Build.0 = Debug|Win32
		{2364A723-BA0D-454E-9395-BBE76510D967}.Debug|Any CPU.ActiveCfg = Debug|Win32
		{2364A723-BA0D-454E-9395-BBE76510D967}.Debug|x64.ActiveCfg = Debug|x64
		{2364A723-BA0D-454E-9395-BBE76510D967}.Debug|x64.Build.0 = Debug|x64
		{2364A723-BA0D-454E-9395-BBE76510D967}.Debug|x86.ActiveCfg = Debug|Win32
		{2364A723-BA0D-454E-9395-BBE76510D967}.Debug|x86.Build.0 = Debug|Win32
		{2364A723-BA0D-454E-9395-BBE76510D967}.Release|Any CPU.ActiveCfg = Release|Win32
		{2364A723-BA0D-454E-9395-BBE76510D967}.Release|x64.ActiveCfg = Release|x64
		{2364A723-BA0D-454E-9395-BBE76510D967}.Release|x64.Build.0 = Release|x64
		{2364A723-BA0D-454E-9395-BBE76510D967}.Release|x86.ActiveCfg = Release|Win32
		{2364A723-BA0D-454E-9395-BBE76510D967}.Release|x86.Build.0 = Release|Win32
	EndGlobalSection
	GlobalSection(SolutionProperties) = preSolution
		HideSolutionNode = FALSE
	EndGlobalSection
	GlobalSection(NestedProjects) = preSolution
		{46DD3842-F1E2-4804-A5F4-2C1AD8740F0E} = {87BB9451-494B-4DB8-9853-9E4552D8D69E}
		{A8629709-211A-4FDA-B817-C19DF23D4735} = {87BB9451-494B-4DB8-9853-9E4552D8D69E}
		{776651CF-C381-415B-8AD0-6300D1275E1C} = {87BB9451-494B-4DB8-9853-9E4552D8D69E}
		{2A48DD3C-0590-45E4-9328-EF4912E3B8CD} = {87BB9451-494B-4DB8-9853-9E4552D8D69E}
		{8B6A7FDE-28F6-4F8B-B74C-1B58252445CB} = {87BB9451-494B-4DB8-9853-9E4552D8D69E}
		{C9CD2011-37D7-4F52-96A8-016DA74AADEB} = {1D6655E0-130C-478B-93D4-ADF96261DC86}
		{1FDB9CB6-D58A-4777-BF54-F5B5488BBCC4} = {C9CD2011-37D7-4F52-96A8-016DA74AADEB}
		{623C0DA5-55EA-4F5E-8A4F-B93E626D9F10} = {C9CD2011-37D7-4F52-96A8-016DA74AADEB}
		{799433B4-CDAF-467F-8BA0-D0E09460CF17} = {C9CD2011-37D7-4F52-96A8-016DA74AADEB}
		{2364A723-BA0D-454E-9395-BBE76510D967} = {87BB9451-494B-4DB8-9853-9E4552D8D69E}
	EndGlobalSection
	GlobalSection(ExtensibilityGlobals) = postSolution
		SolutionGuid = {31E92C5A-FEC2-468C-A10D-119B18C81D6A}
	EndGlobalSection
EndGlobal
